
Microsoft Visual Studio Solution File, Format Version 12.00
# Visual Studio Version 16
VisualStudioVersion = 16.0.29020.237
MinimumVisualStudioVersion = 10.0.40219.1
Project("{9A19103F-16F7-4668-BE54-9A1E7A4F7556}") = "GHttpHelper", "GHttpHelper\GHttpHelper.csproj", "{EA3F4478-08C3-45E1-9571-93B61F8791A4}"
EndProject
Project("{9A19103F-16F7-4668-BE54-9A1E7A4F7556}") = "WandhiHelper", "WandhiHelper\WandhiHelper.csproj", "{4720D7D9-2DDC-4120-B28F-BBEF1111BDFB}"
EndProject
Global
	GlobalSection(SolutionConfigurationPlatforms) = preSolution
		Debug|Any CPU = Debug|Any CPU
		Release|Any CPU = Release|Any CPU
	EndGlobalSection
	GlobalSection(ProjectConfigurationPlatforms) = postSolution
		{EA3F4478-08C3-45E1-9571-93B61F8791A4}.Debug|Any CPU.ActiveCfg = Debug|Any CPU
		{EA3F4478-08C3-45E1-9571-93B61F8791A4}.Debug|Any CPU.Build.0 = Debug|Any CPU
		{EA3F4478-08C3-45E1-9571-93B61F8791A4}.Release|Any CPU.ActiveCfg = Release|Any CPU
		{EA3F4478-08C3-45E1-9571-93B61F8791A4}.Release|Any CPU.Build.0 = Release|Any CPU
		{4720D7D9-2DDC-4120-B28F-BBEF1111BDFB}.Debug|Any CPU.ActiveCfg = Debug|Any CPU
		{4720D7D9-2DDC-4120-B28F-BBEF1111BDFB}.Debug|Any CPU.Build.0 = Debug|Any CPU
		{4720D7D9-2DDC-4120-B28F-BBEF1111BDFB}.Release|Any CPU.ActiveCfg = Release|Any CPU
		{4720D7D9-2DDC-4120-B28F-BBEF1111BDFB}.Release|Any CPU.Build.0 = Release|Any CPU
	EndGlobalSection
	GlobalSection(SolutionProperties) = preSolution
		HideSolutionNode = FALSE
	EndGlobalSection
	GlobalSection(ExtensibilityGlobals) = postSolution
		SolutionGuid = {549C0267-F5F6-4C46-BEAE-CB64695690CD}
	EndGlobalSection
EndGlobal
